// !$*UTF8*$!
{
	archiveVersion = 1;
	classes = {
	};
	objectVersion = 56;
	objects = {

/* Begin PBXBuildFile section */
		F20293E929425FFC00642839 /* Princess_ParkingApp.swift in Sources */ = {isa = PBXBuildFile; fileRef = F20293E829425FFC00642839 /* Princess_ParkingApp.swift */; };
		F20293EB29425FFC00642839 /* ContentView.swift in Sources */ = {isa = PBXBuildFile; fileRef = F20293EA29425FFC00642839 /* ContentView.swift */; };
		F20293ED29425FFD00642839 /* Assets.xcassets in Resources */ = {isa = PBXBuildFile; fileRef = F20293EC29425FFD00642839 /* Assets.xcassets */; };
		F20293F029425FFD00642839 /* Preview Assets.xcassets in Resources */ = {isa = PBXBuildFile; fileRef = F20293EF29425FFD00642839 /* Preview Assets.xcassets */; };
		F20293FA29425FFE00642839 /* Princess_ParkingTests.swift in Sources */ = {isa = PBXBuildFile; fileRef = F20293F929425FFE00642839 /* Princess_ParkingTests.swift */; };
		F202940429425FFE00642839 /* Princess_ParkingUITests.swift in Sources */ = {isa = PBXBuildFile; fileRef = F202940329425FFE00642839 /* Princess_ParkingUITests.swift */; };
		F202940629425FFE00642839 /* Princess_ParkingUITestsLaunchTests.swift in Sources */ = {isa = PBXBuildFile; fileRef = F202940529425FFE00642839 /* Princess_ParkingUITestsLaunchTests.swift */; };
		F20294142942628000642839 /* StartView.swift in Sources */ = {isa = PBXBuildFile; fileRef = F20294132942628000642839 /* StartView.swift */; };
		F20294162942628900642839 /* LoginView.swift in Sources */ = {isa = PBXBuildFile; fileRef = F20294152942628900642839 /* LoginView.swift */; };
		F20294182942629100642839 /* JoinView.swift in Sources */ = {isa = PBXBuildFile; fileRef = F20294172942629100642839 /* JoinView.swift */; };
		F202941A2942630500642839 /* MainView.swift in Sources */ = {isa = PBXBuildFile; fileRef = F20294192942630400642839 /* MainView.swift */; };
		F202941C2942635100642839 /* UnderlineTextFieldView.swift in Sources */ = {isa = PBXBuildFile; fileRef = F202941B2942635100642839 /* UnderlineTextFieldView.swift */; };
		F202941F294263C400642839 /* Alamofire in Frameworks */ = {isa = PBXBuildFile; productRef = F202941E294263C400642839 /* Alamofire */; };
		F2029424294263FE00642839 /* User.swift in Sources */ = {isa = PBXBuildFile; fileRef = F2029423294263FE00642839 /* User.swift */; };
		F20294262942641000642839 /* Parking.swift in Sources */ = {isa = PBXBuildFile; fileRef = F20294252942641000642839 /* Parking.swift */; };
		F20294282942641B00642839 /* LoginDTO.swift in Sources */ = {isa = PBXBuildFile; fileRef = F20294272942641B00642839 /* LoginDTO.swift */; };
		F202942A2942643C00642839 /* UserController.swift in Sources */ = {isa = PBXBuildFile; fileRef = F20294292942643C00642839 /* UserController.swift */; };
		F202943029435B3600642839 /* ParkingController.swift in Sources */ = {isa = PBXBuildFile; fileRef = F202942F29435B3600642839 /* ParkingController.swift */; };
		F202943229436A7500642839 /* ParkingList.swift in Sources */ = {isa = PBXBuildFile; fileRef = F202943129436A7500642839 /* ParkingList.swift */; };
		F20294382945222D00642839 /* Statistics.swift in Sources */ = {isa = PBXBuildFile; fileRef = F20294372945222D00642839 /* Statistics.swift */; };
		F20294462947466D00642839 /* TimerRequest.swift in Sources */ = {isa = PBXBuildFile; fileRef = F20294452947466D00642839 /* TimerRequest.swift */; };
		F202944829475EA100642839 /* Gas.swift in Sources */ = {isa = PBXBuildFile; fileRef = F202944729475EA100642839 /* Gas.swift */; };
/* End PBXBuildFile section */

/* Begin PBXContainerItemProxy section */
		F20293F629425FFE00642839 /* PBXContainerItemProxy */ = {
			isa = PBXContainerItemProxy;
			containerPortal = F20293DD29425FFC00642839 /* Project object */;
			proxyType = 1;
			remoteGlobalIDString = F20293E429425FFC00642839;
			remoteInfo = "Princess Parking";
		};
		F202940029425FFE00642839 /* PBXContainerItemProxy */ = {
			isa = PBXContainerItemProxy;
			containerPortal = F20293DD29425FFC00642839 /* Project object */;
			proxyType = 1;
			remoteGlobalIDString = F20293E429425FFC00642839;
			remoteInfo = "Princess Parking";
		};
/* End PBXContainerItemProxy section */

/* Begin PBXFileReference section */
		F20293E529425FFC00642839 /* Princess Parking.app */ = {isa = PBXFileReference; explicitFileType = wrapper.application; includeInIndex = 0; path = "Princess Parking.app"; sourceTree = BUILT_PRODUCTS_DIR; };
		F20293E829425FFC00642839 /* Princess_ParkingApp.swift */ = {isa = PBXFileReference; lastKnownFileType = sourcecode.swift; path = Princess_ParkingApp.swift; sourceTree = "<group>"; };
		F20293EA29425FFC00642839 /* ContentView.swift */ = {isa = PBXFileReference; lastKnownFileType = sourcecode.swift; path = ContentView.swift; sourceTree = "<group>"; };
		F20293EC29425FFD00642839 /* Assets.xcassets */ = {isa = PBXFileReference; lastKnownFileType = folder.assetcatalog; path = Assets.xcassets; sourceTree = "<group>"; };
		F20293EF29425FFD00642839 /* Preview Assets.xcassets */ = {isa = PBXFileReference; lastKnownFileType = folder.assetcatalog; path = "Preview Assets.xcassets"; sourceTree = "<group>"; };
		F20293F529425FFE00642839 /* Princess ParkingTests.xctest */ = {isa = PBXFileReference; explicitFileType = wrapper.cfbundle; includeInIndex = 0; path = "Princess ParkingTests.xctest"; sourceTree = BUILT_PRODUCTS_DIR; };
		F20293F929425FFE00642839 /* Princess_ParkingTests.swift */ = {isa = PBXFileReference; lastKnownFileType = sourcecode.swift; path = Princess_ParkingTests.swift; sourceTree = "<group>"; };
		F20293FF29425FFE00642839 /* Princess ParkingUITests.xctest */ = {isa = PBXFileReference; explicitFileType = wrapper.cfbundle; includeInIndex = 0; path = "Princess ParkingUITests.xctest"; sourceTree = BUILT_PRODUCTS_DIR; };
		F202940329425FFE00642839 /* Princess_ParkingUITests.swift */ = {isa = PBXFileReference; lastKnownFileType = sourcecode.swift; path = Princess_ParkingUITests.swift; sourceTree = "<group>"; };
		F202940529425FFE00642839 /* Princess_ParkingUITestsLaunchTests.swift */ = {isa = PBXFileReference; lastKnownFileType = sourcecode.swift; path = Princess_ParkingUITestsLaunchTests.swift; sourceTree = "<group>"; };
		F20294132942628000642839 /* StartView.swift */ = {isa = PBXFileReference; lastKnownFileType = sourcecode.swift; path = StartView.swift; sourceTree = "<group>"; };
		F20294152942628900642839 /* LoginView.swift */ = {isa = PBXFileReference; lastKnownFileType = sourcecode.swift; path = LoginView.swift; sourceTree = "<group>"; };
		F20294172942629100642839 /* JoinView.swift */ = {isa = PBXFileReference; lastKnownFileType = sourcecode.swift; path = JoinView.swift; sourceTree = "<group>"; };
		F20294192942630400642839 /* MainView.swift */ = {isa = PBXFileReference; lastKnownFileType = sourcecode.swift; path = MainView.swift; sourceTree = "<group>"; };
		F202941B2942635100642839 /* UnderlineTextFieldView.swift */ = {isa = PBXFileReference; lastKnownFileType = sourcecode.swift; path = UnderlineTextFieldView.swift; sourceTree = "<group>"; };
		F2029423294263FE00642839 /* User.swift */ = {isa = PBXFileReference; lastKnownFileType = sourcecode.swift; path = User.swift; sourceTree = "<group>"; };
		F20294252942641000642839 /* Parking.swift */ = {isa = PBXFileReference; lastKnownFileType = sourcecode.swift; path = Parking.swift; sourceTree = "<group>"; };
		F20294272942641B00642839 /* LoginDTO.swift */ = {isa = PBXFileReference; lastKnownFileType = sourcecode.swift; path = LoginDTO.swift; sourceTree = "<group>"; };
		F20294292942643C00642839 /* UserController.swift */ = {isa = PBXFileReference; lastKnownFileType = sourcecode.swift; path = UserController.swift; sourceTree = "<group>"; };
		F202942F29435B3600642839 /* ParkingController.swift */ = {isa = PBXFileReference; lastKnownFileType = sourcecode.swift; path = ParkingController.swift; sourceTree = "<group>"; };
		F202943129436A7500642839 /* ParkingList.swift */ = {isa = PBXFileReference; lastKnownFileType = sourcecode.swift; path = ParkingList.swift; sourceTree = "<group>"; };
		F20294372945222D00642839 /* Statistics.swift */ = {isa = PBXFileReference; lastKnownFileType = sourcecode.swift; path = Statistics.swift; sourceTree = "<group>"; };
		F20294452947466D00642839 /* TimerRequest.swift */ = {isa = PBXFileReference; lastKnownFileType = sourcecode.swift; path = TimerRequest.swift; sourceTree = "<group>"; };
		F202944729475EA100642839 /* Gas.swift */ = {isa = PBXFileReference; lastKnownFileType = sourcecode.swift; path = Gas.swift; sourceTree = "<group>"; };
/* End PBXFileReference section */

/* Begin PBXFrameworksBuildPhase section */
		F20293E229425FFC00642839 /* Frameworks */ = {
			isa = PBXFrameworksBuildPhase;
			buildActionMask = 2147483647;
			files = (
				F202941F294263C400642839 /* Alamofire in Frameworks */,
			);
			runOnlyForDeploymentPostprocessing = 0;
		};
		F20293F229425FFE00642839 /* Frameworks */ = {
			isa = PBXFrameworksBuildPhase;
			buildActionMask = 2147483647;
			files = (
			);
			runOnlyForDeploymentPostprocessing = 0;
		};
		F20293FC29425FFE00642839 /* Frameworks */ = {
			isa = PBXFrameworksBuildPhase;
			buildActionMask = 2147483647;
			files = (
			);
			runOnlyForDeploymentPostprocessing = 0;
		};
/* End PBXFrameworksBuildPhase section */

/* Begin PBXGroup section */
		F20293DC29425FFC00642839 = {
			isa = PBXGroup;
			children = (
				F20293E729425FFC00642839 /* Princess Parking */,
				F20293F829425FFE00642839 /* Princess ParkingTests */,
				F202940229425FFE00642839 /* Princess ParkingUITests */,
				F20293E629425FFC00642839 /* Products */,
			);
			sourceTree = "<group>";
		};
		F20293E629425FFC00642839 /* Products */ = {
			isa = PBXGroup;
			children = (
				F20293E529425FFC00642839 /* Princess Parking.app */,
				F20293F529425FFE00642839 /* Princess ParkingTests.xctest */,
				F20293FF29425FFE00642839 /* Princess ParkingUITests.xctest */,
			);
			name = Products;
			sourceTree = "<group>";
		};
		F20293E729425FFC00642839 /* Princess Parking */ = {
			isa = PBXGroup;
			children = (
				F2029421294263DE00642839 /* Entity */,
				F2029422294263E500642839 /* DTO */,
				F2029420294263D700642839 /* API */,
				F20294122942627300642839 /* View */,
				F20293E829425FFC00642839 /* Princess_ParkingApp.swift */,
				F20293EA29425FFC00642839 /* ContentView.swift */,
				F20293EC29425FFD00642839 /* Assets.xcassets */,
				F20293EE29425FFD00642839 /* Preview Content */,
			);
			path = "Princess Parking";
			sourceTree = "<group>";
		};
		F20293EE29425FFD00642839 /* Preview Content */ = {
			isa = PBXGroup;
			children = (
				F20293EF29425FFD00642839 /* Preview Assets.xcassets */,
			);
			path = "Preview Content";
			sourceTree = "<group>";
		};
		F20293F829425FFE00642839 /* Princess ParkingTests */ = {
			isa = PBXGroup;
			children = (
				F20293F929425FFE00642839 /* Princess_ParkingTests.swift */,
			);
			path = "Princess ParkingTests";
			sourceTree = "<group>";
		};
		F202940229425FFE00642839 /* Princess ParkingUITests */ = {
			isa = PBXGroup;
			children = (
				F202940329425FFE00642839 /* Princess_ParkingUITests.swift */,
				F202940529425FFE00642839 /* Princess_ParkingUITestsLaunchTests.swift */,
			);
			path = "Princess ParkingUITests";
			sourceTree = "<group>";
		};
		F20294122942627300642839 /* View */ = {
			isa = PBXGroup;
			children = (
				F20294132942628000642839 /* StartView.swift */,
				F20294152942628900642839 /* LoginView.swift */,
				F20294172942629100642839 /* JoinView.swift */,
				F20294192942630400642839 /* MainView.swift */,
				F202941B2942635100642839 /* UnderlineTextFieldView.swift */,
			);
			path = View;
			sourceTree = "<group>";
		};
		F2029420294263D700642839 /* API */ = {
			isa = PBXGroup;
			children = (
				F20294292942643C00642839 /* UserController.swift */,
				F202942F29435B3600642839 /* ParkingController.swift */,
				F20294452947466D00642839 /* TimerRequest.swift */,
			);
			path = API;
			sourceTree = "<group>";
		};
		F2029421294263DE00642839 /* Entity */ = {
			isa = PBXGroup;
			children = (
				F2029423294263FE00642839 /* User.swift */,
				F20294252942641000642839 /* Parking.swift */,
				F202943129436A7500642839 /* ParkingList.swift */,
				F20294372945222D00642839 /* Statistics.swift */,
				F202944729475EA100642839 /* Gas.swift */,
			);
			path = Entity;
			sourceTree = "<group>";
		};
		F2029422294263E500642839 /* DTO */ = {
			isa = PBXGroup;
			children = (
				F20294272942641B00642839 /* LoginDTO.swift */,
			);
			path = DTO;
			sourceTree = "<group>";
		};
/* End PBXGroup section */

/* Begin PBXNativeTarget section */
		F20293E429425FFC00642839 /* Princess Parking */ = {
			isa = PBXNativeTarget;
			buildConfigurationList = F202940929425FFE00642839 /* Build configuration list for PBXNativeTarget "Princess Parking" */;
			buildPhases = (
				F20293E129425FFC00642839 /* Sources */,
				F20293E229425FFC00642839 /* Frameworks */,
				F20293E329425FFC00642839 /* Resources */,
			);
			buildRules = (
			);
			dependencies = (
			);
			name = "Princess Parking";
			packageProductDependencies = (
				F202941E294263C400642839 /* Alamofire */,
			);
			productName = "Princess Parking";
			productReference = F20293E529425FFC00642839 /* Princess Parking.app */;
			productType = "com.apple.product-type.application";
		};
		F20293F429425FFE00642839 /* Princess ParkingTests */ = {
			isa = PBXNativeTarget;
			buildConfigurationList = F202940C29425FFE00642839 /* Build configuration list for PBXNativeTarget "Princess ParkingTests" */;
			buildPhases = (
				F20293F129425FFE00642839 /* Sources */,
				F20293F229425FFE00642839 /* Frameworks */,
				F20293F329425FFE00642839 /* Resources */,
			);
			buildRules = (
			);
			dependencies = (
				F20293F729425FFE00642839 /* PBXTargetDependency */,
			);
			name = "Princess ParkingTests";
			productName = "Princess ParkingTests";
			productReference = F20293F529425FFE00642839 /* Princess ParkingTests.xctest */;
			productType = "com.apple.product-type.bundle.unit-test";
		};
		F20293FE29425FFE00642839 /* Princess ParkingUITests */ = {
			isa = PBXNativeTarget;
			buildConfigurationList = F202940F29425FFE00642839 /* Build configuration list for PBXNativeTarget "Princess ParkingUITests" */;
			buildPhases = (
				F20293FB29425FFE00642839 /* Sources */,
				F20293FC29425FFE00642839 /* Frameworks */,
				F20293FD29425FFE00642839 /* Resources */,
			);
			buildRules = (
			);
			dependencies = (
				F202940129425FFE00642839 /* PBXTargetDependency */,
			);
			name = "Princess ParkingUITests";
			productName = "Princess ParkingUITests";
			productReference = F20293FF29425FFE00642839 /* Princess ParkingUITests.xctest */;
			productType = "com.apple.product-type.bundle.ui-testing";
		};
/* End PBXNativeTarget section */

/* Begin PBXProject section */
		F20293DD29425FFC00642839 /* Project object */ = {
			isa = PBXProject;
			attributes = {
				BuildIndependentTargetsInParallel = 1;
				LastSwiftUpdateCheck = 1410;
				LastUpgradeCheck = 1410;
				TargetAttributes = {
					F20293E429425FFC00642839 = {
						CreatedOnToolsVersion = 14.1;
					};
					F20293F429425FFE00642839 = {
						CreatedOnToolsVersion = 14.1;
						TestTargetID = F20293E429425FFC00642839;
					};
					F20293FE29425FFE00642839 = {
						CreatedOnToolsVersion = 14.1;
						TestTargetID = F20293E429425FFC00642839;
					};
				};
			};
			buildConfigurationList = F20293E029425FFC00642839 /* Build configuration list for PBXProject "Princess Parking" */;
			compatibilityVersion = "Xcode 14.0";
			developmentRegion = en;
			hasScannedForEncodings = 0;
			knownRegions = (
				en,
				Base,
			);
			mainGroup = F20293DC29425FFC00642839;
			packageReferences = (
				F202941D294263C400642839 /* XCRemoteSwiftPackageReference "Alamofire" */,
			);
			productRefGroup = F20293E629425FFC00642839 /* Products */;
			projectDirPath = "";
			projectRoot = "";
			targets = (
				F20293E429425FFC00642839 /* Princess Parking */,
				F20293F429425FFE00642839 /* Princess ParkingTests */,
				F20293FE29425FFE00642839 /* Princess ParkingUITests */,
			);
		};
/* End PBXProject section */

/* Begin PBXResourcesBuildPhase section */
		F20293E329425FFC00642839 /* Resources */ = {
			isa = PBXResourcesBuildPhase;
			buildActionMask = 2147483647;
			files = (
				F20293F029425FFD00642839 /* Preview Assets.xcassets in Resources */,
				F20293ED29425FFD00642839 /* Assets.xcassets in Resources */,
			);
			runOnlyForDeploymentPostprocessing = 0;
		};
		F20293F329425FFE00642839 /* Resources */ = {
			isa = PBXResourcesBuildPhase;
			buildActionMask = 2147483647;
			files = (
			);
			runOnlyForDeploymentPostprocessing = 0;
		};
		F20293FD29425FFE00642839 /* Resources */ = {
			isa = PBXResourcesBuildPhase;
			buildActionMask = 2147483647;
			files = (
			);
			runOnlyForDeploymentPostprocessing = 0;
		};
/* End PBXResourcesBuildPhase section */

/* Begin PBXSourcesBuildPhase section */
		F20293E129425FFC00642839 /* Sources */ = {
			isa = PBXSourcesBuildPhase;
			buildActionMask = 2147483647;
			files = (
				F20294382945222D00642839 /* Statistics.swift in Sources */,
				F20294142942628000642839 /* StartView.swift in Sources */,
				F202941A2942630500642839 /* MainView.swift in Sources */,
				F20293EB29425FFC00642839 /* ContentView.swift in Sources */,
				F202942A2942643C00642839 /* UserController.swift in Sources */,
				F20294462947466D00642839 /* TimerRequest.swift in Sources */,
				F202943029435B3600642839 /* ParkingController.swift in Sources */,
				F20294282942641B00642839 /* LoginDTO.swift in Sources */,
				F20294162942628900642839 /* LoginView.swift in Sources */,
				F20294262942641000642839 /* Parking.swift in Sources */,
				F2029424294263FE00642839 /* User.swift in Sources */,
				F20294182942629100642839 /* JoinView.swift in Sources */,
				F20293E929425FFC00642839 /* Princess_ParkingApp.swift in Sources */,
				F202941C2942635100642839 /* UnderlineTextFieldView.swift in Sources */,
				F202943229436A7500642839 /* ParkingList.swift in Sources */,
				F202944829475EA100642839 /* Gas.swift in Sources */,
			);
			runOnlyForDeploymentPostprocessing = 0;
		};
		F20293F129425FFE00642839 /* Sources */ = {
			isa = PBXSourcesBuildPhase;
			buildActionMask = 2147483647;
			files = (
				F20293FA29425FFE00642839 /* Princess_ParkingTests.swift in Sources */,
			);
			runOnlyForDeploymentPostprocessing = 0;
		};
		F20293FB29425FFE00642839 /* Sources */ = {
			isa = PBXSourcesBuildPhase;
			buildActionMask = 2147483647;
			files = (
				F202940629425FFE00642839 /* Princess_ParkingUITestsLaunchTests.swift in Sources */,
				F202940429425FFE00642839 /* Princess_ParkingUITests.swift in Sources */,
			);
			runOnlyForDeploymentPostprocessing = 0;
		};
/* End PBXSourcesBuildPhase section */

/* Begin PBXTargetDependency section */
		F20293F729425FFE00642839 /* PBXTargetDependency */ = {
			isa = PBXTargetDependency;
			target = F20293E429425FFC00642839 /* Princess Parking */;
			targetProxy = F20293F629425FFE00642839 /* PBXContainerItemProxy */;
		};
		F202940129425FFE00642839 /* PBXTargetDependency */ = {
			isa = PBXTargetDependency;
			target = F20293E429425FFC00642839 /* Princess Parking */;
			targetProxy = F202940029425FFE00642839 /* PBXContainerItemProxy */;
		};
/* End PBXTargetDependency section */

/* Begin XCBuildConfiguration section */
		F202940729425FFE00642839 /* Debug */ = {
			isa = XCBuildConfiguration;
			buildSettings = {
				ALWAYS_SEARCH_USER_PATHS = NO;
				CLANG_ANALYZER_NONNULL = YES;
				CLANG_ANALYZER_NUMBER_OBJECT_CONVERSION = YES_AGGRESSIVE;
				CLANG_CXX_LANGUAGE_STANDARD = "gnu++20";
				CLANG_ENABLE_MODULES = YES;
				CLANG_ENABLE_OBJC_ARC = YES;
				CLANG_ENABLE_OBJC_WEAK = YES;
				CLANG_WARN_BLOCK_CAPTURE_AUTORELEASING = YES;
				CLANG_WARN_BOOL_CONVERSION = YES;
				CLANG_WARN_COMMA = YES;
				CLANG_WARN_CONSTANT_CONVERSION = YES;
				CLANG_WARN_DEPRECATED_OBJC_IMPLEMENTATIONS = YES;
				CLANG_WARN_DIRECT_OBJC_ISA_USAGE = YES_ERROR;
				CLANG_WARN_DOCUMENTATION_COMMENTS = YES;
				CLANG_WARN_EMPTY_BODY = YES;
				CLANG_WARN_ENUM_CONVERSION = YES;
				CLANG_WARN_INFINITE_RECURSION = YES;
				CLANG_WARN_INT_CONVERSION = YES;
				CLANG_WARN_NON_LITERAL_NULL_CONVERSION = YES;
				CLANG_WARN_OBJC_IMPLICIT_RETAIN_SELF = YES;
				CLANG_WARN_OBJC_LITERAL_CONVERSION = YES;
				CLANG_WARN_OBJC_ROOT_CLASS = YES_ERROR;
				CLANG_WARN_QUOTED_INCLUDE_IN_FRAMEWORK_HEADER = YES;
				CLANG_WARN_RANGE_LOOP_ANALYSIS = YES;
				CLANG_WARN_STRICT_PROTOTYPES = YES;
				CLANG_WARN_SUSPICIOUS_MOVE = YES;
				CLANG_WARN_UNGUARDED_AVAILABILITY = YES_AGGRESSIVE;
				CLANG_WARN_UNREACHABLE_CODE = YES;
				CLANG_WARN__DUPLICATE_METHOD_MATCH = YES;
				COPY_PHASE_STRIP = NO;
				DEBUG_INFORMATION_FORMAT = dwarf;
				ENABLE_STRICT_OBJC_MSGSEND = YES;
				ENABLE_TESTABILITY = YES;
				GCC_C_LANGUAGE_STANDARD = gnu11;
				GCC_DYNAMIC_NO_PIC = NO;
				GCC_NO_COMMON_BLOCKS = YES;
				GCC_OPTIMIZATION_LEVEL = 0;
				GCC_PREPROCESSOR_DEFINITIONS = (
					"DEBUG=1",
					"$(inherited)",
				);
				GCC_WARN_64_TO_32_BIT_CONVERSION = YES;
				GCC_WARN_ABOUT_RETURN_TYPE = YES_ERROR;
				GCC_WARN_UNDECLARED_SELECTOR = YES;
				GCC_WARN_UNINITIALIZED_AUTOS = YES_AGGRESSIVE;
				GCC_WARN_UNUSED_FUNCTION = YES;
				GCC_WARN_UNUSED_VARIABLE = YES;
				IPHONEOS_DEPLOYMENT_TARGET = 16.1;
				MTL_ENABLE_DEBUG_INFO = INCLUDE_SOURCE;
				MTL_FAST_MATH = YES;
				ONLY_ACTIVE_ARCH = YES;
				SDKROOT = iphoneos;
				SWIFT_ACTIVE_COMPILATION_CONDITIONS = DEBUG;
				SWIFT_OPTIMIZATION_LEVEL = "-Onone";
			};
			name = Debug;
		};
		F202940829425FFE00642839 /* Release */ = {
			isa = XCBuildConfiguration;
			buildSettings = {
				ALWAYS_SEARCH_USER_PATHS = NO;
				CLANG_ANALYZER_NONNULL = YES;
				CLANG_ANALYZER_NUMBER_OBJECT_CONVERSION = YES_AGGRESSIVE;
				CLANG_CXX_LANGUAGE_STANDARD = "gnu++20";
				CLANG_ENABLE_MODULES = YES;
				CLANG_ENABLE_OBJC_ARC = YES;
				CLANG_ENABLE_OBJC_WEAK = YES;
				CLANG_WARN_BLOCK_CAPTURE_AUTORELEASING = YES;
				CLANG_WARN_BOOL_CONVERSION = YES;
				CLANG_WARN_COMMA = YES;
				CLANG_WARN_CONSTANT_CONVERSION = YES;
				CLANG_WARN_DEPRECATED_OBJC_IMPLEMENTATIONS = YES;
				CLANG_WARN_DIRECT_OBJC_ISA_USAGE = YES_ERROR;
				CLANG_WARN_DOCUMENTATION_COMMENTS = YES;
				CLANG_WARN_EMPTY_BODY = YES;
				CLANG_WARN_ENUM_CONVERSION = YES;
				CLANG_WARN_INFINITE_RECURSION = YES;
				CLANG_WARN_INT_CONVERSION = YES;
				CLANG_WARN_NON_LITERAL_NULL_CONVERSION = YES;
				CLANG_WARN_OBJC_IMPLICIT_RETAIN_SELF = YES;
				CLANG_WARN_OBJC_LITERAL_CONVERSION = YES;
				CLANG_WARN_OBJC_ROOT_CLASS = YES_ERROR;
				CLANG_WARN_QUOTED_INCLUDE_IN_FRAMEWORK_HEADER = YES;
				CLANG_WARN_RANGE_LOOP_ANALYSIS = YES;
				CLANG_WARN_STRICT_PROTOTYPES = YES;
				CLANG_WARN_SUSPICIOUS_MOVE = YES;
				CLANG_WARN_UNGUARDED_AVAILABILITY = YES_AGGRESSIVE;
				CLANG_WARN_UNREACHABLE_CODE = YES;
				CLANG_WARN__DUPLICATE_METHOD_MATCH = YES;
				COPY_PHASE_STRIP = NO;
				DEBUG_INFORMATION_FORMAT = "dwarf-with-dsym";
				ENABLE_NS_ASSERTIONS = NO;
				ENABLE_STRICT_OBJC_MSGSEND = YES;
				GCC_C_LANGUAGE_STANDARD = gnu11;
				GCC_NO_COMMON_BLOCKS = YES;
				GCC_WARN_64_TO_32_BIT_CONVERSION = YES;
				GCC_WARN_ABOUT_RETURN_TYPE = YES_ERROR;
				GCC_WARN_UNDECLARED_SELECTOR = YES;
				GCC_WARN_UNINITIALIZED_AUTOS = YES_AGGRESSIVE;
				GCC_WARN_UNUSED_FUNCTION = YES;
				GCC_WARN_UNUSED_VARIABLE = YES;
				IPHONEOS_DEPLOYMENT_TARGET = 16.1;
				MTL_ENABLE_DEBUG_INFO = NO;
				MTL_FAST_MATH = YES;
				SDKROOT = iphoneos;
				SWIFT_COMPILATION_MODE = wholemodule;
				SWIFT_OPTIMIZATION_LEVEL = "-O";
				VALIDATE_PRODUCT = YES;
			};
			name = Release;
		};
		F202940A29425FFE00642839 /* Debug */ = {
			isa = XCBuildConfiguration;
			buildSettings = {
				ASSETCATALOG_COMPILER_APPICON_NAME = AppIcon;
				ASSETCATALOG_COMPILER_GLOBAL_ACCENT_COLOR_NAME = AccentColor;
				CODE_SIGN_STYLE = Automatic;
				CURRENT_PROJECT_VERSION = 1;
				DEVELOPMENT_ASSET_PATHS = "\"Princess Parking/Preview Content\"";
				DEVELOPMENT_TEAM = T3MRA53A8Y;
				ENABLE_PREVIEWS = YES;
				GENERATE_INFOPLIST_FILE = YES;
				INFOPLIST_KEY_UIApplicationSceneManifest_Generation = YES;
				INFOPLIST_KEY_UIApplicationSupportsIndirectInputEvents = YES;
				INFOPLIST_KEY_UILaunchScreen_Generation = YES;
				INFOPLIST_KEY_UISupportedInterfaceOrientations_iPad = "UIInterfaceOrientationPortrait UIInterfaceOrientationPortraitUpsideDown UIInterfaceOrientationLandscapeLeft UIInterfaceOrientationLandscapeRight";
				INFOPLIST_KEY_UISupportedInterfaceOrientations_iPhone = "UIInterfaceOrientationPortrait UIInterfaceOrientationLandscapeLeft UIInterfaceOrientationLandscapeRight";
				LD_RUNPATH_SEARCH_PATHS = (
					"$(inherited)",
					"@executable_path/Frameworks",
				);
				MARKETING_VERSION = 1.0;
				PRODUCT_BUNDLE_IDENTIFIER = "Julia.Princess-Parking";
				PRODUCT_NAME = "$(TARGET_NAME)";
				SWIFT_EMIT_LOC_STRINGS = YES;
				SWIFT_VERSION = 5.0;
				TARGETED_DEVICE_FAMILY = "1,2";
			};
			name = Debug;
		};
		F202940B29425FFE00642839 /* Release */ = {
			isa = XCBuildConfiguration;
			buildSettings = {
				ASSETCATALOG_COMPILER_APPICON_NAME = AppIcon;
				ASSETCATALOG_COMPILER_GLOBAL_ACCENT_COLOR_NAME = AccentColor;
				CODE_SIGN_STYLE = Automatic;
				CURRENT_PROJECT_VERSION = 1;
				DEVELOPMENT_ASSET_PATHS = "\"Princess Parking/Preview Content\"";
				DEVELOPMENT_TEAM = T3MRA53A8Y;
				ENABLE_PREVIEWS = YES;
				GENERATE_INFOPLIST_FILE = YES;
				INFOPLIST_KEY_UIApplicationSceneManifest_Generation = YES;
				INFOPLIST_KEY_UIApplicationSupportsIndirectInputEvents = YES;
				INFOPLIST_KEY_UILaunchScreen_Generation = YES;
				INFOPLIST_KEY_UISupportedInterfaceOrientations_iPad = "UIInterfaceOrientationPortrait UIInterfaceOrientationPortraitUpsideDown UIInterfaceOrientationLandscapeLeft UIInterfaceOrientationLandscapeRight";
				INFOPLIST_KEY_UISupportedInterfaceOrientations_iPhone = "UIInterfaceOrientationPortrait UIInterfaceOrientationLandscapeLeft UIInterfaceOrientationLandscapeRight";
				LD_RUNPATH_SEARCH_PATHS = (
					"$(inherited)",
					"@executable_path/Frameworks",
				);
				MARKETING_VERSION = 1.0;
				PRODUCT_BUNDLE_IDENTIFIER = "Julia.Princess-Parking";
				PRODUCT_NAME = "$(TARGET_NAME)";
				SWIFT_EMIT_LOC_STRINGS = YES;
				SWIFT_VERSION = 5.0;
				TARGETED_DEVICE_FAMILY = "1,2";
			};
			name = Release;
		};
		F202940D29425FFE00642839 /* Debug */ = {
			isa = XCBuildConfiguration;
			buildSettings = {
				ALWAYS_EMBED_SWIFT_STANDARD_LIBRARIES = YES;
				BUNDLE_LOADER = "$(TEST_HOST)";
				CODE_SIGN_STYLE = Automatic;
				CURRENT_PROJECT_VERSION = 1;
				GENERATE_INFOPLIST_FILE = YES;
				IPHONEOS_DEPLOYMENT_TARGET = 16.1;
				MARKETING_VERSION = 1.0;
				PRODUCT_BUNDLE_IDENTIFIER = "undefined.Princess-ParkingTests";
				PRODUCT_NAME = "$(TARGET_NAME)";
				SWIFT_EMIT_LOC_STRINGS = NO;
				SWIFT_VERSION = 5.0;
				TARGETED_DEVICE_FAMILY = "1,2";
				TEST_HOST = "$(BUILT_PRODUCTS_DIR)/Princess Parking.app/$(BUNDLE_EXECUTABLE_FOLDER_PATH)/Princess Parking";
			};
			name = Debug;
		};
		F202940E29425FFE00642839 /* Release */ = {
			isa = XCBuildConfiguration;
			buildSettings = {
				ALWAYS_EMBED_SWIFT_STANDARD_LIBRARIES = YES;
				BUNDLE_LOADER = "$(TEST_HOST)";
				CODE_SIGN_STYLE = Automatic;
				CURRENT_PROJECT_VERSION = 1;
				GENERATE_INFOPLIST_FILE = YES;
				IPHONEOS_DEPLOYMENT_TARGET = 16.1;
				MARKETING_VERSION = 1.0;
				PRODUCT_BUNDLE_IDENTIFIER = "undefined.Princess-ParkingTests";
				PRODUCT_NAME = "$(TARGET_NAME)";
				SWIFT_EMIT_LOC_STRINGS = NO;
				SWIFT_VERSION = 5.0;
				TARGETED_DEVICE_FAMILY = "1,2";
				TEST_HOST = "$(BUILT_PRODUCTS_DIR)/Princess Parking.app/$(BUNDLE_EXECUTABLE_FOLDER_PATH)/Princess Parking";
			};
			name = Release;
		};
		F202941029425FFE00642839 /* Debug */ = {
			isa = XCBuildConfiguration;
			buildSettings = {
				ALWAYS_EMBED_SWIFT_STANDARD_LIBRARIES = YES;
				CODE_SIGN_STYLE = Automatic;
				CURRENT_PROJECT_VERSION = 1;
				GENERATE_INFOPLIST_FILE = YES;
				MARKETING_VERSION = 1.0;
				PRODUCT_BUNDLE_IDENTIFIER = "undefined.Princess-ParkingUITests";
				PRODUCT_NAME = "$(TARGET_NAME)";
				SWIFT_EMIT_LOC_STRINGS = NO;
				SWIFT_VERSION = 5.0;
				TARGETED_DEVICE_FAMILY = "1,2";
				TEST_TARGET_NAME = "Princess Parking";
			};
			name = Debug;
		};
		F202941129425FFE00642839 /* Release */ = {
			isa = XCBuildConfiguration;
			buildSettings = {
				ALWAYS_EMBED_SWIFT_STANDARD_LIBRARIES = YES;
				CODE_SIGN_STYLE = Automatic;
				CURRENT_PROJECT_VERSION = 1;
				GENERATE_INFOPLIST_FILE = YES;
				MARKETING_VERSION = 1.0;
				PRODUCT_BUNDLE_IDENTIFIER = "undefined.Princess-ParkingUITests";
				PRODUCT_NAME = "$(TARGET_NAME)";
				SWIFT_EMIT_LOC_STRINGS = NO;
				SWIFT_VERSION = 5.0;
				TARGETED_DEVICE_FAMILY = "1,2";
				TEST_TARGET_NAME = "Princess Parking";
			};
			name = Release;
		};
/* End XCBuildConfiguration section */

/* Begin XCConfigurationList section */
		F20293E029425FFC00642839 /* Build configuration list for PBXProject "Princess Parking" */ = {
			isa = XCConfigurationList;
			buildConfigurations = (
				F202940729425FFE00642839 /* Debug */,
				F202940829425FFE00642839 /* Release */,
			);
			defaultConfigurationIsVisible = 0;
			defaultConfigurationName = Release;
		};
		F202940929425FFE00642839 /* Build configuration list for PBXNativeTarget "Princess Parking" */ = {
			isa = XCConfigurationList;
			buildConfigurations = (
				F202940A29425FFE00642839 /* Debug */,
				F202940B29425FFE00642839 /* Release */,
			);
			defaultConfigurationIsVisible = 0;
			defaultConfigurationName = Release;
		};
		F202940C29425FFE00642839 /* Build configuration list for PBXNativeTarget "Princess ParkingTests" */ = {
			isa = XCConfigurationList;
			buildConfigurations = (
				F202940D29425FFE00642839 /* Debug */,
				F202940E29425FFE00642839 /* Release */,
			);
			defaultConfigurationIsVisible = 0;
			defaultConfigurationName = Release;
		};
		F202940F29425FFE00642839 /* Build configuration list for PBXNativeTarget "Princess ParkingUITests" */ = {
			isa = XCConfigurationList;
			buildConfigurations = (
				F202941029425FFE00642839 /* Debug */,
				F202941129425FFE00642839 /* Release */,
			);
			defaultConfigurationIsVisible = 0;
			defaultConfigurationName = Release;
		};
/* End XCConfigurationList section */

/* Begin XCRemoteSwiftPackageReference section */
		F202941D294263C400642839 /* XCRemoteSwiftPackageReference "Alamofire" */ = {
			isa = XCRemoteSwiftPackageReference;
			repositoryURL = "https://github.com/Alamofire/Alamofire";
			requirement = {
				branch = master;
				kind = branch;
			};
		};
/* End XCRemoteSwiftPackageReference section */

/* Begin XCSwiftPackageProductDependency section */
		F202941E294263C400642839 /* Alamofire */ = {
			isa = XCSwiftPackageProductDependency;
			package = F202941D294263C400642839 /* XCRemoteSwiftPackageReference "Alamofire" */;
			productName = Alamofire;
		};
/* End XCSwiftPackageProductDependency section */
	};
	rootObject = F20293DD29425FFC00642839 /* Project object */;
}
